
Microsoft Visual Studio Solution File, Format Version 12.00
# Visual Studio Version 17
VisualStudioVersion = 17.1.32407.343
MinimumVisualStudioVersion = 10.0.40219.1
Project("{9A19103F-16F7-4668-BE54-9A1E7A4F7556}") = "ShopMicroservices", "ShopMicroservices\ShopMicroservices.csproj", "{5277B6F2-BF3C-4EC6-9921-8DF45AEB1310}"
EndProject
Project("{2150E333-8FDC-42A3-9474-1A3956D46DE8}") = "Microservices", "Microservices", "{1C14131B-D95D-4917-9A69-F7C4BEB4144C}"
EndProject
Project("{2150E333-8FDC-42A3-9474-1A3956D46DE8}") = "Category", "Category", "{F1C7E6E2-FABD-4E21-BB43-432E71A74754}"
EndProject
Project("{2150E333-8FDC-42A3-9474-1A3956D46DE8}") = "Api", "Api", "{AA10C559-0940-41C1-862F-D5B8BED96528}"
EndProject
Project("{9A19103F-16F7-4668-BE54-9A1E7A4F7556}") = "CategoryMicroservice", "CategoryMicroservice\CategoryMicroservice.csproj", "{BADBC842-7C06-4B4B-AEC8-3478E0643F26}"
EndProject
Project("{2150E333-8FDC-42A3-9474-1A3956D46DE8}") = "Services", "Services", "{FD51E87E-76DC-425D-A9E1-7A61B38C7B31}"
EndProject
Project("{2150E333-8FDC-42A3-9474-1A3956D46DE8}") = "Data", "Data", "{81DC3F5F-6808-4C80-BF9E-0DF45C75BFB6}"
EndProject
Project("{2150E333-8FDC-42A3-9474-1A3956D46DE8}") = "Repositories", "Repositories", "{9688C497-7141-468C-8401-81AFD182385F}"
EndProject
Project("{9A19103F-16F7-4668-BE54-9A1E7A4F7556}") = "CategoryData", "CategoryData\CategoryData.csproj", "{E51F6B44-6C00-4FC9-BD74-A4F8D062F8DC}"
EndProject
Project("{9A19103F-16F7-4668-BE54-9A1E7A4F7556}") = "CategoryRepositories", "CategoryRepositories\CategoryRepositories.csproj", "{4CE1CE3D-0299-4D54-944B-2D3BDA28911A}"
EndProject
Project("{9A19103F-16F7-4668-BE54-9A1E7A4F7556}") = "CategoryServices", "CategoryServices\CategoryServices.csproj", "{6F2BCBD6-FE66-4535-8D24-595965341E32}"
EndProject
Project("{2150E333-8FDC-42A3-9474-1A3956D46DE8}") = "Bus", "Bus", "{809C6574-0545-498C-A7D2-F633A91E87AA}"
EndProject
Project("{2150E333-8FDC-42A3-9474-1A3956D46DE8}") = "Account", "Account", "{1ED7DE27-2E69-4C04-B77C-4E65970E1283}"
EndProject
Project("{2150E333-8FDC-42A3-9474-1A3956D46DE8}") = "Api", "Api", "{40200E90-1EBE-4D00-B21C-42311BE005E9}"
EndProject
Project("{2150E333-8FDC-42A3-9474-1A3956D46DE8}") = "Bus", "Bus", "{7EFD5584-9000-4FA1-9C74-72831FDA1092}"
EndProject
Project("{2150E333-8FDC-42A3-9474-1A3956D46DE8}") = "Service", "Service", "{2A52575F-D0F8-4FCA-9BC7-7AA681F49252}"
EndProject
Project("{2150E333-8FDC-42A3-9474-1A3956D46DE8}") = "Repository", "Repository", "{1E5B8B6F-AB5A-47AF-86A7-6BE39D513EA6}"
EndProject
Project("{2150E333-8FDC-42A3-9474-1A3956D46DE8}") = "Data", "Data", "{BE520BC6-D1D2-4544-9637-4350A3E1D922}"
EndProject
Project("{9A19103F-16F7-4668-BE54-9A1E7A4F7556}") = "AccountMicroservice", "AccountMicroservice\AccountMicroservice.csproj", "{13701C08-B25C-4D7F-BABE-420A5638402F}"
EndProject
Project("{9A19103F-16F7-4668-BE54-9A1E7A4F7556}") = "AccountService", "AccountService\AccountService.csproj", "{66AA64EA-7CF1-42C9-9A7C-E5BE8EBCF6A3}"
EndProject
Project("{2150E333-8FDC-42A3-9474-1A3956D46DE8}") = "UnitTests", "UnitTests", "{A3A9E6E7-3D32-4BFA-900C-84253C195126}"
EndProject
Project("{9A19103F-16F7-4668-BE54-9A1E7A4F7556}") = "CategoryUnitTests", "CategoryUnitTests\CategoryUnitTests.csproj", "{92B13302-D274-40A2-8B16-37BC296EAFBF}"
EndProject
Project("{9A19103F-16F7-4668-BE54-9A1E7A4F7556}") = "AccountData", "AccountData\AccountData.csproj", "{412DAED6-3292-417B-9A51-18EAB6DB1183}"
EndProject
Project("{9A19103F-16F7-4668-BE54-9A1E7A4F7556}") = "AccountRepository", "AccountRepository\AccountRepository.csproj", "{85E7A8C9-0708-49E4-80B4-8BD8A00FBC46}"
EndProject
Project("{2150E333-8FDC-42A3-9474-1A3956D46DE8}") = "UnitTests", "UnitTests", "{136F1D0A-A556-4D62-B1C7-3EF3F688D61C}"
EndProject
Project("{9A19103F-16F7-4668-BE54-9A1E7A4F7556}") = "AccountBus", "AccountBus\AccountBus.csproj", "{40A536E7-8932-4276-95DC-B1E95D144F7A}"
EndProject
Project("{9A19103F-16F7-4668-BE54-9A1E7A4F7556}") = "AccountUnitTests", "AccountUnitTests\AccountUnitTests.csproj", "{FCBEBCB1-C4B3-48BF-A8CD-A837D6B8A6F8}"
EndProject
Project("{2150E333-8FDC-42A3-9474-1A3956D46DE8}") = "Lego", "Lego", "{05D5B990-BE00-473B-ADB9-92CB77D7D080}"
EndProject
Project("{2150E333-8FDC-42A3-9474-1A3956D46DE8}") = "Api", "Api", "{5FF759B0-CBD1-4B1A-9329-777E410A0CDF}"
EndProject
Project("{2150E333-8FDC-42A3-9474-1A3956D46DE8}") = "Data", "Data", "{E68140DA-50B6-4084-96BF-CF0590723517}"
EndProject
Project("{2150E333-8FDC-42A3-9474-1A3956D46DE8}") = "UnitTests", "UnitTests", "{EEDAE69D-7ACB-4934-9053-722862C36E57}"
EndProject
Project("{2150E333-8FDC-42A3-9474-1A3956D46DE8}") = "Bus", "Bus", "{107DF7BC-8719-4DDA-B9E4-576B12BC5DE3}"
EndProject
Project("{2150E333-8FDC-42A3-9474-1A3956D46DE8}") = "Repositories", "Repositories", "{AA7890DF-12F4-442F-82C9-F84E8E526424}"
EndProject
Project("{2150E333-8FDC-42A3-9474-1A3956D46DE8}") = "Services", "Services", "{C7C12B48-F803-4654-8FBC-7453B5EDEF5B}"
EndProject
Project("{9A19103F-16F7-4668-BE54-9A1E7A4F7556}") = "LegoMicroservice", "LegoMicroservice\LegoMicroservice.csproj", "{2F3CEA7B-AA06-468E-99D8-4D0CC0915F83}"
EndProject
Project("{9A19103F-16F7-4668-BE54-9A1E7A4F7556}") = "LegoBus", "LegoBus\LegoBus.csproj", "{BE8716A5-743A-4E63-A170-83256145E62B}"
EndProject
Project("{9A19103F-16F7-4668-BE54-9A1E7A4F7556}") = "LegoData", "LegoData\LegoData.csproj", "{C3C89124-CC43-4CEF-8670-B6698F2B6F29}"
EndProject
Project("{9A19103F-16F7-4668-BE54-9A1E7A4F7556}") = "LegoRepository", "LegoRepository\LegoRepository.csproj", "{11624C95-16D6-4D84-9716-F4B529246756}"
EndProject
Project("{9A19103F-16F7-4668-BE54-9A1E7A4F7556}") = "LegoService", "LegoService\LegoService.csproj", "{3C45DF13-71B2-4DBC-9A25-E9050AB39835}"
EndProject
Project("{9A19103F-16F7-4668-BE54-9A1E7A4F7556}") = "LegoUnitests", "LegoUnitests\LegoUnitests.csproj", "{583C3256-598F-49BD-9F3F-5A5FCA8539B8}"
EndProject
Project("{2150E333-8FDC-42A3-9474-1A3956D46DE8}") = "SendToMail", "SendToMail", "{4571D497-3221-463A-8804-59143A55907A}"
EndProject
Project("{2150E333-8FDC-42A3-9474-1A3956D46DE8}") = "Bus", "Bus", "{EA2BE76F-D9CD-4964-B068-B35AFE02AA0B}"
EndProject
Project("{2150E333-8FDC-42A3-9474-1A3956D46DE8}") = "Servises", "Servises", "{0F3743D3-1CCC-4A51-9B48-A8E982741191}"
EndProject
Project("{2150E333-8FDC-42A3-9474-1A3956D46DE8}") = "UnitTests", "UnitTests", "{E2A1163F-4950-40D6-8F91-9999BBAFFD00}"
EndProject
Project("{FAE04EC0-301F-11D3-BF4B-00C04F79EFBC}") = "SendToMailUnitTests", "SendToMailUnitTests\SendToMailUnitTests.csproj", "{FE124562-34B1-4CD6-A759-6A4157706496}"
EndProject
Project("{FAE04EC0-301F-11D3-BF4B-00C04F79EFBC}") = "SendToMailBus", "SendToMailBus\SendToMailBus.csproj", "{49803E08-2EDD-44E3-8398-4B4568655EF3}"
EndProject
Project("{9A19103F-16F7-4668-BE54-9A1E7A4F7556}") = "CategoryBus", "CategoryBus\CategoryBus.csproj", "{CBDA18FF-1EAE-4E54-9617-EA08AAA87C44}"
EndProject
Global
	GlobalSection(SolutionConfigurationPlatforms) = preSolution
		Debug|Any CPU = Debug|Any CPU
		Release|Any CPU = Release|Any CPU
	EndGlobalSection
	GlobalSection(ProjectConfigurationPlatforms) = postSolution
		{5277B6F2-BF3C-4EC6-9921-8DF45AEB1310}.Debug|Any CPU.ActiveCfg = Debug|Any CPU
		{5277B6F2-BF3C-4EC6-9921-8DF45AEB1310}.Debug|Any CPU.Build.0 = Debug|Any CPU
		{5277B6F2-BF3C-4EC6-9921-8DF45AEB1310}.Release|Any CPU.ActiveCfg = Release|Any CPU
		{5277B6F2-BF3C-4EC6-9921-8DF45AEB1310}.Release|Any CPU.Build.0 = Release|Any CPU
		{BADBC842-7C06-4B4B-AEC8-3478E0643F26}.Debug|Any CPU.ActiveCfg = Debug|Any CPU
		{BADBC842-7C06-4B4B-AEC8-3478E0643F26}.Debug|Any CPU.Build.0 = Debug|Any CPU
		{BADBC842-7C06-4B4B-AEC8-3478E0643F26}.Release|Any CPU.ActiveCfg = Release|Any CPU
		{BADBC842-7C06-4B4B-AEC8-3478E0643F26}.Release|Any CPU.Build.0 = Release|Any CPU
		{E51F6B44-6C00-4FC9-BD74-A4F8D062F8DC}.Debug|Any CPU.ActiveCfg = Debug|Any CPU
		{E51F6B44-6C00-4FC9-BD74-A4F8D062F8DC}.Debug|Any CPU.Build.0 = Debug|Any CPU
		{E51F6B44-6C00-4FC9-BD74-A4F8D062F8DC}.Release|Any CPU.ActiveCfg = Release|Any CPU
		{E51F6B44-6C00-4FC9-BD74-A4F8D062F8DC}.Release|Any CPU.Build.0 = Release|Any CPU
		{4CE1CE3D-0299-4D54-944B-2D3BDA28911A}.Debug|Any CPU.ActiveCfg = Debug|Any CPU
		{4CE1CE3D-0299-4D54-944B-2D3BDA28911A}.Debug|Any CPU.Build.0 = Debug|Any CPU
		{4CE1CE3D-0299-4D54-944B-2D3BDA28911A}.Release|Any CPU.ActiveCfg = Release|Any CPU
		{4CE1CE3D-0299-4D54-944B-2D3BDA28911A}.Release|Any CPU.Build.0 = Release|Any CPU
		{6F2BCBD6-FE66-4535-8D24-595965341E32}.Debug|Any CPU.ActiveCfg = Debug|Any CPU
		{6F2BCBD6-FE66-4535-8D24-595965341E32}.Debug|Any CPU.Build.0 = Debug|Any CPU
		{6F2BCBD6-FE66-4535-8D24-595965341E32}.Release|Any CPU.ActiveCfg = Release|Any CPU
		{6F2BCBD6-FE66-4535-8D24-595965341E32}.Release|Any CPU.Build.0 = Release|Any CPU
		{13701C08-B25C-4D7F-BABE-420A5638402F}.Debug|Any CPU.ActiveCfg = Debug|Any CPU
		{13701C08-B25C-4D7F-BABE-420A5638402F}.Debug|Any CPU.Build.0 = Debug|Any CPU
		{13701C08-B25C-4D7F-BABE-420A5638402F}.Release|Any CPU.ActiveCfg = Release|Any CPU
		{13701C08-B25C-4D7F-BABE-420A5638402F}.Release|Any CPU.Build.0 = Release|Any CPU
		{66AA64EA-7CF1-42C9-9A7C-E5BE8EBCF6A3}.Debug|Any CPU.ActiveCfg = Debug|Any CPU
		{66AA64EA-7CF1-42C9-9A7C-E5BE8EBCF6A3}.Debug|Any CPU.Build.0 = Debug|Any CPU
		{66AA64EA-7CF1-42C9-9A7C-E5BE8EBCF6A3}.Release|Any CPU.ActiveCfg = Release|Any CPU
		{66AA64EA-7CF1-42C9-9A7C-E5BE8EBCF6A3}.Release|Any CPU.Build.0 = Release|Any CPU
		{92B13302-D274-40A2-8B16-37BC296EAFBF}.Debug|Any CPU.ActiveCfg = Debug|Any CPU
		{92B13302-D274-40A2-8B16-37BC296EAFBF}.Debug|Any CPU.Build.0 = Debug|Any CPU
		{92B13302-D274-40A2-8B16-37BC296EAFBF}.Release|Any CPU.ActiveCfg = Release|Any CPU
		{92B13302-D274-40A2-8B16-37BC296EAFBF}.Release|Any CPU.Build.0 = Release|Any CPU
		{412DAED6-3292-417B-9A51-18EAB6DB1183}.Debug|Any CPU.ActiveCfg = Debug|Any CPU
		{412DAED6-3292-417B-9A51-18EAB6DB1183}.Debug|Any CPU.Build.0 = Debug|Any CPU
		{412DAED6-3292-417B-9A51-18EAB6DB1183}.Release|Any CPU.ActiveCfg = Release|Any CPU
		{412DAED6-3292-417B-9A51-18EAB6DB1183}.Release|Any CPU.Build.0 = Release|Any CPU
		{85E7A8C9-0708-49E4-80B4-8BD8A00FBC46}.Debug|Any CPU.ActiveCfg = Debug|Any CPU
		{85E7A8C9-0708-49E4-80B4-8BD8A00FBC46}.Debug|Any CPU.Build.0 = Debug|Any CPU
		{85E7A8C9-0708-49E4-80B4-8BD8A00FBC46}.Release|Any CPU.ActiveCfg = Release|Any CPU
		{85E7A8C9-0708-49E4-80B4-8BD8A00FBC46}.Release|Any CPU.Build.0 = Release|Any CPU
		{40A536E7-8932-4276-95DC-B1E95D144F7A}.Debug|Any CPU.ActiveCfg = Debug|Any CPU
		{40A536E7-8932-4276-95DC-B1E95D144F7A}.Debug|Any CPU.Build.0 = Debug|Any CPU
		{40A536E7-8932-4276-95DC-B1E95D144F7A}.Release|Any CPU.ActiveCfg = Release|Any CPU
		{40A536E7-8932-4276-95DC-B1E95D144F7A}.Release|Any CPU.Build.0 = Release|Any CPU
		{FCBEBCB1-C4B3-48BF-A8CD-A837D6B8A6F8}.Debug|Any CPU.ActiveCfg = Debug|Any CPU
		{FCBEBCB1-C4B3-48BF-A8CD-A837D6B8A6F8}.Debug|Any CPU.Build.0 = Debug|Any CPU
		{FCBEBCB1-C4B3-48BF-A8CD-A837D6B8A6F8}.Release|Any CPU.ActiveCfg = Release|Any CPU
		{FCBEBCB1-C4B3-48BF-A8CD-A837D6B8A6F8}.Release|Any CPU.Build.0 = Release|Any CPU
		{2F3CEA7B-AA06-468E-99D8-4D0CC0915F83}.Debug|Any CPU.ActiveCfg = Debug|Any CPU
		{2F3CEA7B-AA06-468E-99D8-4D0CC0915F83}.Debug|Any CPU.Build.0 = Debug|Any CPU
		{2F3CEA7B-AA06-468E-99D8-4D0CC0915F83}.Release|Any CPU.ActiveCfg = Release|Any CPU
		{2F3CEA7B-AA06-468E-99D8-4D0CC0915F83}.Release|Any CPU.Build.0 = Release|Any CPU
		{BE8716A5-743A-4E63-A170-83256145E62B}.Debug|Any CPU.ActiveCfg = Debug|Any CPU
		{BE8716A5-743A-4E63-A170-83256145E62B}.Debug|Any CPU.Build.0 = Debug|Any CPU
		{BE8716A5-743A-4E63-A170-83256145E62B}.Release|Any CPU.ActiveCfg = Release|Any CPU
		{BE8716A5-743A-4E63-A170-83256145E62B}.Release|Any CPU.Build.0 = Release|Any CPU
		{C3C89124-CC43-4CEF-8670-B6698F2B6F29}.Debug|Any CPU.ActiveCfg = Debug|Any CPU
		{C3C89124-CC43-4CEF-8670-B6698F2B6F29}.Debug|Any CPU.Build.0 = Debug|Any CPU
		{C3C89124-CC43-4CEF-8670-B6698F2B6F29}.Release|Any CPU.ActiveCfg = Release|Any CPU
		{C3C89124-CC43-4CEF-8670-B6698F2B6F29}.Release|Any CPU.Build.0 = Release|Any CPU
		{11624C95-16D6-4D84-9716-F4B529246756}.Debug|Any CPU.ActiveCfg = Debug|Any CPU
		{11624C95-16D6-4D84-9716-F4B529246756}.Debug|Any CPU.Build.0 = Debug|Any CPU
		{11624C95-16D6-4D84-9716-F4B529246756}.Release|Any CPU.ActiveCfg = Release|Any CPU
		{11624C95-16D6-4D84-9716-F4B529246756}.Release|Any CPU.Build.0 = Release|Any CPU
		{3C45DF13-71B2-4DBC-9A25-E9050AB39835}.Debug|Any CPU.ActiveCfg = Debug|Any CPU
		{3C45DF13-71B2-4DBC-9A25-E9050AB39835}.Debug|Any CPU.Build.0 = Debug|Any CPU
		{3C45DF13-71B2-4DBC-9A25-E9050AB39835}.Release|Any CPU.ActiveCfg = Release|Any CPU
		{3C45DF13-71B2-4DBC-9A25-E9050AB39835}.Release|Any CPU.Build.0 = Release|Any CPU
		{583C3256-598F-49BD-9F3F-5A5FCA8539B8}.Debug|Any CPU.ActiveCfg = Debug|Any CPU
		{583C3256-598F-49BD-9F3F-5A5FCA8539B8}.Debug|Any CPU.Build.0 = Debug|Any CPU
		{583C3256-598F-49BD-9F3F-5A5FCA8539B8}.Release|Any CPU.ActiveCfg = Release|Any CPU
		{583C3256-598F-49BD-9F3F-5A5FCA8539B8}.Release|Any CPU.Build.0 = Release|Any CPU
		{FE124562-34B1-4CD6-A759-6A4157706496}.Debug|Any CPU.ActiveCfg = Debug|Any CPU
		{FE124562-34B1-4CD6-A759-6A4157706496}.Debug|Any CPU.Build.0 = Debug|Any CPU
		{FE124562-34B1-4CD6-A759-6A4157706496}.Release|Any CPU.ActiveCfg = Release|Any CPU
		{FE124562-34B1-4CD6-A759-6A4157706496}.Release|Any CPU.Build.0 = Release|Any CPU
		{49803E08-2EDD-44E3-8398-4B4568655EF3}.Debug|Any CPU.ActiveCfg = Debug|Any CPU
		{49803E08-2EDD-44E3-8398-4B4568655EF3}.Debug|Any CPU.Build.0 = Debug|Any CPU
		{49803E08-2EDD-44E3-8398-4B4568655EF3}.Release|Any CPU.ActiveCfg = Release|Any CPU
		{49803E08-2EDD-44E3-8398-4B4568655EF3}.Release|Any CPU.Build.0 = Release|Any CPU
		{CBDA18FF-1EAE-4E54-9617-EA08AAA87C44}.Debug|Any CPU.ActiveCfg = Debug|Any CPU
		{CBDA18FF-1EAE-4E54-9617-EA08AAA87C44}.Debug|Any CPU.Build.0 = Debug|Any CPU
		{CBDA18FF-1EAE-4E54-9617-EA08AAA87C44}.Release|Any CPU.ActiveCfg = Release|Any CPU
		{CBDA18FF-1EAE-4E54-9617-EA08AAA87C44}.Release|Any CPU.Build.0 = Release|Any CPU
	EndGlobalSection
	GlobalSection(SolutionProperties) = preSolution
		HideSolutionNode = FALSE
	EndGlobalSection
	GlobalSection(NestedProjects) = preSolution
		{F1C7E6E2-FABD-4E21-BB43-432E71A74754} = {1C14131B-D95D-4917-9A69-F7C4BEB4144C}
		{AA10C559-0940-41C1-862F-D5B8BED96528} = {F1C7E6E2-FABD-4E21-BB43-432E71A74754}
		{BADBC842-7C06-4B4B-AEC8-3478E0643F26} = {AA10C559-0940-41C1-862F-D5B8BED96528}
		{FD51E87E-76DC-425D-A9E1-7A61B38C7B31} = {F1C7E6E2-FABD-4E21-BB43-432E71A74754}
		{81DC3F5F-6808-4C80-BF9E-0DF45C75BFB6} = {F1C7E6E2-FABD-4E21-BB43-432E71A74754}
		{9688C497-7141-468C-8401-81AFD182385F} = {F1C7E6E2-FABD-4E21-BB43-432E71A74754}
		{E51F6B44-6C00-4FC9-BD74-A4F8D062F8DC} = {81DC3F5F-6808-4C80-BF9E-0DF45C75BFB6}
		{4CE1CE3D-0299-4D54-944B-2D3BDA28911A} = {9688C497-7141-468C-8401-81AFD182385F}
		{6F2BCBD6-FE66-4535-8D24-595965341E32} = {FD51E87E-76DC-425D-A9E1-7A61B38C7B31}
		{809C6574-0545-498C-A7D2-F633A91E87AA} = {F1C7E6E2-FABD-4E21-BB43-432E71A74754}
		{1ED7DE27-2E69-4C04-B77C-4E65970E1283} = {1C14131B-D95D-4917-9A69-F7C4BEB4144C}
		{40200E90-1EBE-4D00-B21C-42311BE005E9} = {1ED7DE27-2E69-4C04-B77C-4E65970E1283}
		{7EFD5584-9000-4FA1-9C74-72831FDA1092} = {1ED7DE27-2E69-4C04-B77C-4E65970E1283}
		{2A52575F-D0F8-4FCA-9BC7-7AA681F49252} = {1ED7DE27-2E69-4C04-B77C-4E65970E1283}
		{1E5B8B6F-AB5A-47AF-86A7-6BE39D513EA6} = {1ED7DE27-2E69-4C04-B77C-4E65970E1283}
		{BE520BC6-D1D2-4544-9637-4350A3E1D922} = {1ED7DE27-2E69-4C04-B77C-4E65970E1283}
		{13701C08-B25C-4D7F-BABE-420A5638402F} = {40200E90-1EBE-4D00-B21C-42311BE005E9}
		{66AA64EA-7CF1-42C9-9A7C-E5BE8EBCF6A3} = {2A52575F-D0F8-4FCA-9BC7-7AA681F49252}
		{A3A9E6E7-3D32-4BFA-900C-84253C195126} = {F1C7E6E2-FABD-4E21-BB43-432E71A74754}
		{92B13302-D274-40A2-8B16-37BC296EAFBF} = {A3A9E6E7-3D32-4BFA-900C-84253C195126}
		{412DAED6-3292-417B-9A51-18EAB6DB1183} = {BE520BC6-D1D2-4544-9637-4350A3E1D922}
		{85E7A8C9-0708-49E4-80B4-8BD8A00FBC46} = {1E5B8B6F-AB5A-47AF-86A7-6BE39D513EA6}
		{136F1D0A-A556-4D62-B1C7-3EF3F688D61C} = {1ED7DE27-2E69-4C04-B77C-4E65970E1283}
		{40A536E7-8932-4276-95DC-B1E95D144F7A} = {7EFD5584-9000-4FA1-9C74-72831FDA1092}
		{FCBEBCB1-C4B3-48BF-A8CD-A837D6B8A6F8} = {136F1D0A-A556-4D62-B1C7-3EF3F688D61C}
		{05D5B990-BE00-473B-ADB9-92CB77D7D080} = {1C14131B-D95D-4917-9A69-F7C4BEB4144C}
		{5FF759B0-CBD1-4B1A-9329-777E410A0CDF} = {05D5B990-BE00-473B-ADB9-92CB77D7D080}
		{E68140DA-50B6-4084-96BF-CF0590723517} = {05D5B990-BE00-473B-ADB9-92CB77D7D080}
		{EEDAE69D-7ACB-4934-9053-722862C36E57} = {05D5B990-BE00-473B-ADB9-92CB77D7D080}
		{107DF7BC-8719-4DDA-B9E4-576B12BC5DE3} = {05D5B990-BE00-473B-ADB9-92CB77D7D080}
		{AA7890DF-12F4-442F-82C9-F84E8E526424} = {05D5B990-BE00-473B-ADB9-92CB77D7D080}
		{C7C12B48-F803-4654-8FBC-7453B5EDEF5B} = {05D5B990-BE00-473B-ADB9-92CB77D7D080}
		{2F3CEA7B-AA06-468E-99D8-4D0CC0915F83} = {5FF759B0-CBD1-4B1A-9329-777E410A0CDF}
		{BE8716A5-743A-4E63-A170-83256145E62B} = {107DF7BC-8719-4DDA-B9E4-576B12BC5DE3}
		{C3C89124-CC43-4CEF-8670-B6698F2B6F29} = {E68140DA-50B6-4084-96BF-CF0590723517}
		{11624C95-16D6-4D84-9716-F4B529246756} = {AA7890DF-12F4-442F-82C9-F84E8E526424}
		{3C45DF13-71B2-4DBC-9A25-E9050AB39835} = {C7C12B48-F803-4654-8FBC-7453B5EDEF5B}
		{583C3256-598F-49BD-9F3F-5A5FCA8539B8} = {EEDAE69D-7ACB-4934-9053-722862C36E57}
		{4571D497-3221-463A-8804-59143A55907A} = {1C14131B-D95D-4917-9A69-F7C4BEB4144C}
		{EA2BE76F-D9CD-4964-B068-B35AFE02AA0B} = {4571D497-3221-463A-8804-59143A55907A}
		{0F3743D3-1CCC-4A51-9B48-A8E982741191} = {4571D497-3221-463A-8804-59143A55907A}
		{E2A1163F-4950-40D6-8F91-9999BBAFFD00} = {4571D497-3221-463A-8804-59143A55907A}
		{FE124562-34B1-4CD6-A759-6A4157706496} = {E2A1163F-4950-40D6-8F91-9999BBAFFD00}
		{49803E08-2EDD-44E3-8398-4B4568655EF3} = {EA2BE76F-D9CD-4964-B068-B35AFE02AA0B}
		{CBDA18FF-1EAE-4E54-9617-EA08AAA87C44} = {809C6574-0545-498C-A7D2-F633A91E87AA}
	EndGlobalSection
	GlobalSection(ExtensibilityGlobals) = postSolution
		SolutionGuid = {9D7A88B4-B546-4B2E-81B7-0C9B64883B6F}
	EndGlobalSection
EndGlobal
